
Microsoft Visual Studio Solution File, Format Version 12.00
# Visual Studio Version 17
VisualStudioVersion = 17.11.35312.102
MinimumVisualStudioVersion = 10.0.40219.1
Project("{FAE04EC0-301F-11D3-BF4B-00C04F79EFBC}") = "01_MainSubjects", "01_MainSubjects\01_MainSubjects.csproj", "{A4A1A003-E587-4827-9B53-5C05A6B56B94}"
EndProject
Project("{FAE04EC0-301F-11D3-BF4B-00C04F79EFBC}") = "02_Variables", "02_Variables\02_Variables.csproj", "{9A813D53-4F83-492F-A974-9944C046C514}"
EndProject
Project("{FAE04EC0-301F-11D3-BF4B-00C04F79EFBC}") = "03_MakingDecision", "03_MakingDecision\03_MakingDecision.csproj", "{611CBF78-022C-4605-A616-A574914487E5}"
EndProject
Project("{FAE04EC0-301F-11D3-BF4B-00C04F79EFBC}") = "04_Loops", "04_Loops\04_Loops.csproj", "{B2635F6E-AA08-4CD7-AB56-AC82952F3456}"
EndProject
Project("{FAE04EC0-301F-11D3-BF4B-00C04F79EFBC}") = "05_LoopsWithStars", "05_LoopsWithStars\05_LoopsWithStars.csproj", "{1809F5E2-ED56-4482-9407-ACF505BA6DC4}"
EndProject
Project("{FAE04EC0-301F-11D3-BF4B-00C04F79EFBC}") = "06_Arrays", "06_Arrays\06_Arrays.csproj", "{32E35637-A110-4FBE-B8C8-10E1561C091B}"
EndProject
Project("{FAE04EC0-301F-11D3-BF4B-00C04F79EFBC}") = "07_ForeachLoop", "07_ForeachLoop\07_ForeachLoop.csproj", "{A208DA96-F30C-4867-A73E-14FA826E36CB}"
EndProject
Project("{FAE04EC0-301F-11D3-BF4B-00C04F79EFBC}") = "08_Methods", "08_Methods\08_Methods.csproj", "{CF77B7F7-D2A2-4DD2-BF1D-2BB5448070C9}"
EndProject
Global
	GlobalSection(SolutionConfigurationPlatforms) = preSolution
		Debug|Any CPU = Debug|Any CPU
		Release|Any CPU = Release|Any CPU
	EndGlobalSection
	GlobalSection(ProjectConfigurationPlatforms) = postSolution
		{A4A1A003-E587-4827-9B53-5C05A6B56B94}.Debug|Any CPU.ActiveCfg = Debug|Any CPU
		{A4A1A003-E587-4827-9B53-5C05A6B56B94}.Debug|Any CPU.Build.0 = Debug|Any CPU
		{A4A1A003-E587-4827-9B53-5C05A6B56B94}.Release|Any CPU.ActiveCfg = Release|Any CPU
		{A4A1A003-E587-4827-9B53-5C05A6B56B94}.Release|Any CPU.Build.0 = Release|Any CPU
		{9A813D53-4F83-492F-A974-9944C046C514}.Debug|Any CPU.ActiveCfg = Debug|Any CPU
		{9A813D53-4F83-492F-A974-9944C046C514}.Debug|Any CPU.Build.0 = Debug|Any CPU
		{9A813D53-4F83-492F-A974-9944C046C514}.Release|Any CPU.ActiveCfg = Release|Any CPU
		{9A813D53-4F83-492F-A974-9944C046C514}.Release|Any CPU.Build.0 = Release|Any CPU
		{611CBF78-022C-4605-A616-A574914487E5}.Debug|Any CPU.ActiveCfg = Debug|Any CPU
		{611CBF78-022C-4605-A616-A574914487E5}.Debug|Any CPU.Build.0 = Debug|Any CPU
		{611CBF78-022C-4605-A616-A574914487E5}.Release|Any CPU.ActiveCfg = Release|Any CPU
		{611CBF78-022C-4605-A616-A574914487E5}.Release|Any CPU.Build.0 = Release|Any CPU
		{B2635F6E-AA08-4CD7-AB56-AC82952F3456}.Debug|Any CPU.ActiveCfg = Debug|Any CPU
		{B2635F6E-AA08-4CD7-AB56-AC82952F3456}.Debug|Any CPU.Build.0 = Debug|Any CPU
		{B2635F6E-AA08-4CD7-AB56-AC82952F3456}.Release|Any CPU.ActiveCfg = Release|Any CPU
		{B2635F6E-AA08-4CD7-AB56-AC82952F3456}.Release|Any CPU.Build.0 = Release|Any CPU
		{1809F5E2-ED56-4482-9407-ACF505BA6DC4}.Debug|Any CPU.ActiveCfg = Debug|Any CPU
		{1809F5E2-ED56-4482-9407-ACF505BA6DC4}.Debug|Any CPU.Build.0 = Debug|Any CPU
		{1809F5E2-ED56-4482-9407-ACF505BA6DC4}.Release|Any CPU.ActiveCfg = Release|Any CPU
		{1809F5E2-ED56-4482-9407-ACF505BA6DC4}.Release|Any CPU.Build.0 = Release|Any CPU
		{32E35637-A110-4FBE-B8C8-10E1561C091B}.Debug|Any CPU.ActiveCfg = Debug|Any CPU
		{32E35637-A110-4FBE-B8C8-10E1561C091B}.Debug|Any CPU.Build.0 = Debug|Any CPU
		{32E35637-A110-4FBE-B8C8-10E1561C091B}.Release|Any CPU.ActiveCfg = Release|Any CPU
		{32E35637-A110-4FBE-B8C8-10E1561C091B}.Release|Any CPU.Build.0 = Release|Any CPU
		{A208DA96-F30C-4867-A73E-14FA826E36CB}.Debug|Any CPU.ActiveCfg = Debug|Any CPU
		{A208DA96-F30C-4867-A73E-14FA826E36CB}.Debug|Any CPU.Build.0 = Debug|Any CPU
		{A208DA96-F30C-4867-A73E-14FA826E36CB}.Release|Any CPU.ActiveCfg = Release|Any CPU
		{A208DA96-F30C-4867-A73E-14FA826E36CB}.Release|Any CPU.Build.0 = Release|Any CPU
		{CF77B7F7-D2A2-4DD2-BF1D-2BB5448070C9}.Debug|Any CPU.ActiveCfg = Debug|Any CPU
		{CF77B7F7-D2A2-4DD2-BF1D-2BB5448070C9}.Debug|Any CPU.Build.0 = Debug|Any CPU
		{CF77B7F7-D2A2-4DD2-BF1D-2BB5448070C9}.Release|Any CPU.ActiveCfg = Release|Any CPU
		{CF77B7F7-D2A2-4DD2-BF1D-2BB5448070C9}.Release|Any CPU.Build.0 = Release|Any CPU
	EndGlobalSection
	GlobalSection(SolutionProperties) = preSolution
		HideSolutionNode = FALSE
	EndGlobalSection
	GlobalSection(ExtensibilityGlobals) = postSolution
		SolutionGuid = {3D87BA78-66F2-49DF-B5F2-C56068168EE7}
	EndGlobalSection
EndGlobal
